// !$*UTF8*$!
{
	archiveVersion = 1;
	classes = {
	};
	objectVersion = 77;
	objects = {

/* Begin PBXBuildFile section */
		7E344B322DAFE83500AA916A /* Assets.xcassets in Resources */ = {isa = PBXBuildFile; fileRef = 7E344B2B2DAFE83500AA916A /* Assets.xcassets */; };
		7E344B342DAFE83500AA916A /* LaunchScreen.storyboard in Resources */ = {isa = PBXBuildFile; fileRef = 7E344B2E2DAFE83500AA916A /* LaunchScreen.storyboard */; };
		7E344B352DAFE83500AA916A /* AppDelegate.swift in Sources */ = {isa = PBXBuildFile; fileRef = 7E344B2A2DAFE83500AA916A /* AppDelegate.swift */; };
		7E344B362DAFE83500AA916A /* SceneDelegate.swift in Sources */ = {isa = PBXBuildFile; fileRef = 7E344B2F2DAFE83500AA916A /* SceneDelegate.swift */; };
		7E344B372DAFE83500AA916A /* ViewController.swift in Sources */ = {isa = PBXBuildFile; fileRef = 7E344B302DAFE83500AA916A /* ViewController.swift */; };
		7E344B3C2DAFE94100AA916A /* RxCocoa in Frameworks */ = {isa = PBXBuildFile; productRef = 7E344B3B2DAFE94100AA916A /* RxCocoa */; };
		7E344B3E2DAFE94100AA916A /* RxRelay in Frameworks */ = {isa = PBXBuildFile; productRef = 7E344B3D2DAFE94100AA916A /* RxRelay */; };
		7E344B402DAFE94100AA916A /* RxSwift in Frameworks */ = {isa = PBXBuildFile; productRef = 7E344B3F2DAFE94100AA916A /* RxSwift */; };
		7E344B422DAFE99800AA916A /* DecoderService.swift in Sources */ = {isa = PBXBuildFile; fileRef = 7E344B412DAFE99800AA916A /* DecoderService.swift */; };
		7E344B442DAFE9E700AA916A /* NetworkingService.swift in Sources */ = {isa = PBXBuildFile; fileRef = 7E344B432DAFE9E700AA916A /* NetworkingService.swift */; };
		7E344B462DAFE9F900AA916A /* NetworkErrors.swift in Sources */ = {isa = PBXBuildFile; fileRef = 7E344B452DAFE9F900AA916A /* NetworkErrors.swift */; };
		7E344B4C2DAFECBE00AA916A /* OnboardingVM.swift in Sources */ = {isa = PBXBuildFile; fileRef = 7E344B4B2DAFECBE00AA916A /* OnboardingVM.swift */; };
		7E344B4E2DAFECE400AA916A /* OnboardingCard.swift in Sources */ = {isa = PBXBuildFile; fileRef = 7E344B4D2DAFECE400AA916A /* OnboardingCard.swift */; };
		7E344B502DAFF89000AA916A /* OnboardingStepController.swift in Sources */ = {isa = PBXBuildFile; fileRef = 7E344B4F2DAFF89000AA916A /* OnboardingStepController.swift */; };
		7E344B532DB0038E00AA916A /* AnswerCell.swift in Sources */ = {isa = PBXBuildFile; fileRef = 7E344B522DB0038E00AA916A /* AnswerCell.swift */; };
		7E344B552DB00B3F00AA916A /* QuestionView.swift in Sources */ = {isa = PBXBuildFile; fileRef = 7E344B542DB00B3F00AA916A /* QuestionView.swift */; };
		7E344B572DB00CF800AA916A /* WelcomeCell.swift in Sources */ = {isa = PBXBuildFile; fileRef = 7E344B562DB00CF800AA916A /* WelcomeCell.swift */; };
		7E344B592DB02CF500AA916A /* OnboardingStepVM.swift in Sources */ = {isa = PBXBuildFile; fileRef = 7E344B582DB02CF500AA916A /* OnboardingStepVM.swift */; };
		7E344B5E2DB0373B00AA916A /* OnboardingPageController.swift in Sources */ = {isa = PBXBuildFile; fileRef = 7E344B5D2DB0373B00AA916A /* OnboardingPageController.swift */; };
		7E344B602DB03B6C00AA916A /* OnboardingButton.swift in Sources */ = {isa = PBXBuildFile; fileRef = 7E344B5F2DB03B6C00AA916A /* OnboardingButton.swift */; };
/* End PBXBuildFile section */

/* Begin PBXFileReference section */
		7E344B122DAFE7F100AA916A /* UniverseTestAssignment.app */ = {isa = PBXFileReference; explicitFileType = wrapper.application; includeInIndex = 0; path = UniverseTestAssignment.app; sourceTree = BUILT_PRODUCTS_DIR; };
		7E344B2A2DAFE83500AA916A /* AppDelegate.swift */ = {isa = PBXFileReference; lastKnownFileType = sourcecode.swift; path = AppDelegate.swift; sourceTree = "<group>"; };
		7E344B2B2DAFE83500AA916A /* Assets.xcassets */ = {isa = PBXFileReference; lastKnownFileType = folder.assetcatalog; path = Assets.xcassets; sourceTree = "<group>"; };
		7E344B2C2DAFE83500AA916A /* Info.plist */ = {isa = PBXFileReference; lastKnownFileType = text.plist.xml; path = Info.plist; sourceTree = "<group>"; };
		7E344B2D2DAFE83500AA916A /* Base */ = {isa = PBXFileReference; lastKnownFileType = file.storyboard; name = Base; path = Base.lproj/LaunchScreen.storyboard; sourceTree = "<group>"; };
		7E344B2F2DAFE83500AA916A /* SceneDelegate.swift */ = {isa = PBXFileReference; lastKnownFileType = sourcecode.swift; path = SceneDelegate.swift; sourceTree = "<group>"; };
		7E344B302DAFE83500AA916A /* ViewController.swift */ = {isa = PBXFileReference; lastKnownFileType = sourcecode.swift; path = ViewController.swift; sourceTree = "<group>"; };
		7E344B412DAFE99800AA916A /* DecoderService.swift */ = {isa = PBXFileReference; lastKnownFileType = sourcecode.swift; path = DecoderService.swift; sourceTree = "<group>"; };
		7E344B432DAFE9E700AA916A /* NetworkingService.swift */ = {isa = PBXFileReference; lastKnownFileType = sourcecode.swift; path = NetworkingService.swift; sourceTree = "<group>"; };
		7E344B452DAFE9F900AA916A /* NetworkErrors.swift */ = {isa = PBXFileReference; lastKnownFileType = sourcecode.swift; path = NetworkErrors.swift; sourceTree = "<group>"; };
		7E344B4B2DAFECBE00AA916A /* OnboardingVM.swift */ = {isa = PBXFileReference; lastKnownFileType = sourcecode.swift; path = OnboardingVM.swift; sourceTree = "<group>"; };
		7E344B4D2DAFECE400AA916A /* OnboardingCard.swift */ = {isa = PBXFileReference; lastKnownFileType = sourcecode.swift; path = OnboardingCard.swift; sourceTree = "<group>"; };
		7E344B4F2DAFF89000AA916A /* OnboardingStepController.swift */ = {isa = PBXFileReference; lastKnownFileType = sourcecode.swift; path = OnboardingStepController.swift; sourceTree = "<group>"; };
		7E344B522DB0038E00AA916A /* AnswerCell.swift */ = {isa = PBXFileReference; lastKnownFileType = sourcecode.swift; path = AnswerCell.swift; sourceTree = "<group>"; };
		7E344B542DB00B3F00AA916A /* QuestionView.swift */ = {isa = PBXFileReference; lastKnownFileType = sourcecode.swift; path = QuestionView.swift; sourceTree = "<group>"; };
		7E344B562DB00CF800AA916A /* WelcomeCell.swift */ = {isa = PBXFileReference; lastKnownFileType = sourcecode.swift; path = WelcomeCell.swift; sourceTree = "<group>"; };
		7E344B582DB02CF500AA916A /* OnboardingStepVM.swift */ = {isa = PBXFileReference; lastKnownFileType = sourcecode.swift; path = OnboardingStepVM.swift; sourceTree = "<group>"; };
		7E344B5D2DB0373B00AA916A /* OnboardingPageController.swift */ = {isa = PBXFileReference; lastKnownFileType = sourcecode.swift; path = OnboardingPageController.swift; sourceTree = "<group>"; };
		7E344B5F2DB03B6C00AA916A /* OnboardingButton.swift */ = {isa = PBXFileReference; lastKnownFileType = sourcecode.swift; path = OnboardingButton.swift; sourceTree = "<group>"; };
/* End PBXFileReference section */

/* Begin PBXFrameworksBuildPhase section */
		7E344B0F2DAFE7F100AA916A /* Frameworks */ = {
			isa = PBXFrameworksBuildPhase;
			buildActionMask = 2147483647;
			files = (
				7E344B402DAFE94100AA916A /* RxSwift in Frameworks */,
				7E344B3E2DAFE94100AA916A /* RxRelay in Frameworks */,
				7E344B3C2DAFE94100AA916A /* RxCocoa in Frameworks */,
			);
			runOnlyForDeploymentPostprocessing = 0;
		};
/* End PBXFrameworksBuildPhase section */

/* Begin PBXGroup section */
		7E344B092DAFE7F100AA916A = {
			isa = PBXGroup;
			children = (
				7E344B312DAFE83500AA916A /* UniverseTestAssignment */,
				7E344B132DAFE7F100AA916A /* Products */,
			);
			sourceTree = "<group>";
		};
		7E344B132DAFE7F100AA916A /* Products */ = {
			isa = PBXGroup;
			children = (
				7E344B122DAFE7F100AA916A /* UniverseTestAssignment.app */,
			);
			name = Products;
			sourceTree = "<group>";
		};
		7E344B312DAFE83500AA916A /* UniverseTestAssignment */ = {
			isa = PBXGroup;
			children = (
				7E344B2C2DAFE83500AA916A /* Info.plist */,
				7E344B382DAFE90500AA916A /* AppDelegates */,
				7E344B392DAFE91400AA916A /* Networking */,
				7E344B4A2DAFECAB00AA916A /* Onboarding */,
				7E344B302DAFE83500AA916A /* ViewController.swift */,
				7E344B2B2DAFE83500AA916A /* Assets.xcassets */,
				7E344B2E2DAFE83500AA916A /* LaunchScreen.storyboard */,
			);
			path = UniverseTestAssignment;
			sourceTree = "<group>";
		};
		7E344B382DAFE90500AA916A /* AppDelegates */ = {
			isa = PBXGroup;
			children = (
				7E344B2A2DAFE83500AA916A /* AppDelegate.swift */,
				7E344B2F2DAFE83500AA916A /* SceneDelegate.swift */,
			);
			path = AppDelegates;
			sourceTree = "<group>";
		};
		7E344B392DAFE91400AA916A /* Networking */ = {
			isa = PBXGroup;
			children = (
				7E344B412DAFE99800AA916A /* DecoderService.swift */,
				7E344B432DAFE9E700AA916A /* NetworkingService.swift */,
				7E344B452DAFE9F900AA916A /* NetworkErrors.swift */,
			);
			path = Networking;
			sourceTree = "<group>";
		};
		7E344B4A2DAFECAB00AA916A /* Onboarding */ = {
			isa = PBXGroup;
			children = (
				7E344B4B2DAFECBE00AA916A /* OnboardingVM.swift */,
				7E344B5D2DB0373B00AA916A /* OnboardingPageController.swift */,
				7E344B512DAFFA7000AA916A /* Step */,
			);
			path = Onboarding;
			sourceTree = "<group>";
		};
		7E344B512DAFFA7000AA916A /* Step */ = {
			isa = PBXGroup;
			children = (
				7E344B5A2DB0363300AA916A /* View */,
				7E344B5B2DB0364000AA916A /* ViewModel */,
				7E344B5C2DB0364800AA916A /* Model */,
			);
			path = Step;
			sourceTree = "<group>";
		};
		7E344B5A2DB0363300AA916A /* View */ = {
			isa = PBXGroup;
			children = (
				7E344B4F2DAFF89000AA916A /* OnboardingStepController.swift */,
				7E344B542DB00B3F00AA916A /* QuestionView.swift */,
				7E344B522DB0038E00AA916A /* AnswerCell.swift */,
				7E344B562DB00CF800AA916A /* WelcomeCell.swift */,
				7E344B5F2DB03B6C00AA916A /* OnboardingButton.swift */,
			);
			path = View;
			sourceTree = "<group>";
		};
		7E344B5B2DB0364000AA916A /* ViewModel */ = {
			isa = PBXGroup;
			children = (
				7E344B582DB02CF500AA916A /* OnboardingStepVM.swift */,
			);
			path = ViewModel;
			sourceTree = "<group>";
		};
		7E344B5C2DB0364800AA916A /* Model */ = {
			isa = PBXGroup;
			children = (
				7E344B4D2DAFECE400AA916A /* OnboardingCard.swift */,
			);
			path = Model;
			sourceTree = "<group>";
		};
/* End PBXGroup section */

/* Begin PBXNativeTarget section */
		7E344B112DAFE7F100AA916A /* UniverseTestAssignment */ = {
			isa = PBXNativeTarget;
			buildConfigurationList = 7E344B252DAFE7F200AA916A /* Build configuration list for PBXNativeTarget "UniverseTestAssignment" */;
			buildPhases = (
				7E344B0E2DAFE7F100AA916A /* Sources */,
				7E344B0F2DAFE7F100AA916A /* Frameworks */,
				7E344B102DAFE7F100AA916A /* Resources */,
			);
			buildRules = (
			);
			dependencies = (
			);
			name = UniverseTestAssignment;
			packageProductDependencies = (
				7E344B3B2DAFE94100AA916A /* RxCocoa */,
				7E344B3D2DAFE94100AA916A /* RxRelay */,
				7E344B3F2DAFE94100AA916A /* RxSwift */,
			);
			productName = UniverseTestAssignment;
			productReference = 7E344B122DAFE7F100AA916A /* UniverseTestAssignment.app */;
			productType = "com.apple.product-type.application";
		};
/* End PBXNativeTarget section */

/* Begin PBXProject section */
		7E344B0A2DAFE7F100AA916A /* Project object */ = {
			isa = PBXProject;
			attributes = {
				BuildIndependentTargetsInParallel = 1;
				LastSwiftUpdateCheck = 1620;
				LastUpgradeCheck = 1620;
				TargetAttributes = {
					7E344B112DAFE7F100AA916A = {
						CreatedOnToolsVersion = 16.2;
					};
				};
			};
			buildConfigurationList = 7E344B0D2DAFE7F100AA916A /* Build configuration list for PBXProject "UniverseTestAssignment" */;
			developmentRegion = en;
			hasScannedForEncodings = 0;
			knownRegions = (
				en,
				Base,
			);
			mainGroup = 7E344B092DAFE7F100AA916A;
			minimizedProjectReferenceProxies = 1;
			packageReferences = (
				7E344B3A2DAFE94100AA916A /* XCRemoteSwiftPackageReference "RxSwift" */,
			);
			preferredProjectObjectVersion = 77;
			productRefGroup = 7E344B132DAFE7F100AA916A /* Products */;
			projectDirPath = "";
			projectRoot = "";
			targets = (
				7E344B112DAFE7F100AA916A /* UniverseTestAssignment */,
			);
		};
/* End PBXProject section */

/* Begin PBXResourcesBuildPhase section */
		7E344B102DAFE7F100AA916A /* Resources */ = {
			isa = PBXResourcesBuildPhase;
			buildActionMask = 2147483647;
			files = (
				7E344B322DAFE83500AA916A /* Assets.xcassets in Resources */,
				7E344B342DAFE83500AA916A /* LaunchScreen.storyboard in Resources */,
			);
			runOnlyForDeploymentPostprocessing = 0;
		};
/* End PBXResourcesBuildPhase section */

/* Begin PBXSourcesBuildPhase section */
		7E344B0E2DAFE7F100AA916A /* Sources */ = {
			isa = PBXSourcesBuildPhase;
			buildActionMask = 2147483647;
			files = (
				7E344B572DB00CF800AA916A /* WelcomeCell.swift in Sources */,
				7E344B442DAFE9E700AA916A /* NetworkingService.swift in Sources */,
				7E344B352DAFE83500AA916A /* AppDelegate.swift in Sources */,
				7E344B362DAFE83500AA916A /* SceneDelegate.swift in Sources */,
				7E344B422DAFE99800AA916A /* DecoderService.swift in Sources */,
				7E344B592DB02CF500AA916A /* OnboardingStepVM.swift in Sources */,
				7E344B4E2DAFECE400AA916A /* OnboardingCard.swift in Sources */,
				7E344B532DB0038E00AA916A /* AnswerCell.swift in Sources */,
				7E344B502DAFF89000AA916A /* OnboardingStepController.swift in Sources */,
				7E344B552DB00B3F00AA916A /* QuestionView.swift in Sources */,
				7E344B5E2DB0373B00AA916A /* OnboardingPageController.swift in Sources */,
				7E344B372DAFE83500AA916A /* ViewController.swift in Sources */,
				7E344B602DB03B6C00AA916A /* OnboardingButton.swift in Sources */,
				7E344B4C2DAFECBE00AA916A /* OnboardingVM.swift in Sources */,
				7E344B462DAFE9F900AA916A /* NetworkErrors.swift in Sources */,
			);
			runOnlyForDeploymentPostprocessing = 0;
		};
/* End PBXSourcesBuildPhase section */

/* Begin PBXVariantGroup section */
		7E344B2E2DAFE83500AA916A /* LaunchScreen.storyboard */ = {
			isa = PBXVariantGroup;
			children = (
				7E344B2D2DAFE83500AA916A /* Base */,
			);
			name = LaunchScreen.storyboard;
			sourceTree = "<group>";
		};
/* End PBXVariantGroup section */

/* Begin XCBuildConfiguration section */
		7E344B262DAFE7F200AA916A /* Debug */ = {
			isa = XCBuildConfiguration;
			buildSettings = {
				ASSETCATALOG_COMPILER_APPICON_NAME = AppIcon;
				ASSETCATALOG_COMPILER_GLOBAL_ACCENT_COLOR_NAME = AccentColor;
				CODE_SIGN_STYLE = Automatic;
				CURRENT_PROJECT_VERSION = 1;
				DEVELOPMENT_TEAM = 52LXM6K854;
				GENERATE_INFOPLIST_FILE = YES;
				INFOPLIST_FILE = UniverseTestAssignment/Info.plist;
				INFOPLIST_KEY_UIApplicationSupportsIndirectInputEvents = YES;
				INFOPLIST_KEY_UILaunchStoryboardName = LaunchScreen;
				INFOPLIST_KEY_UISupportedInterfaceOrientations_iPad = "UIInterfaceOrientationPortrait UIInterfaceOrientationPortraitUpsideDown UIInterfaceOrientationLandscapeLeft UIInterfaceOrientationLandscapeRight";
				INFOPLIST_KEY_UISupportedInterfaceOrientations_iPhone = "UIInterfaceOrientationPortrait UIInterfaceOrientationLandscapeLeft UIInterfaceOrientationLandscapeRight";
				IPHONEOS_DEPLOYMENT_TARGET = 16.0;
				LD_RUNPATH_SEARCH_PATHS = (
					"$(inherited)",
					"@executable_path/Frameworks",
				);
				MARKETING_VERSION = 1.0;
				PRODUCT_BUNDLE_IDENTIFIER = com.litvinchuk.UniverseTestAssignment;
				PRODUCT_NAME = "$(TARGET_NAME)";
				SWIFT_EMIT_LOC_STRINGS = YES;
				SWIFT_VERSION = 5.0;
				TARGETED_DEVICE_FAMILY = "1,2";
			};
			name = Debug;
		};
		7E344B272DAFE7F200AA916A /* Release */ = {
			isa = XCBuildConfiguration;
			buildSettings = {
				ASSETCATALOG_COMPILER_APPICON_NAME = AppIcon;
				ASSETCATALOG_COMPILER_GLOBAL_ACCENT_COLOR_NAME = AccentColor;
				CODE_SIGN_STYLE = Automatic;
				CURRENT_PROJECT_VERSION = 1;
				DEVELOPMENT_TEAM = 52LXM6K854;
				GENERATE_INFOPLIST_FILE = YES;
				INFOPLIST_FILE = UniverseTestAssignment/Info.plist;
				INFOPLIST_KEY_UIApplicationSupportsIndirectInputEvents = YES;
				INFOPLIST_KEY_UILaunchStoryboardName = LaunchScreen;
				INFOPLIST_KEY_UISupportedInterfaceOrientations_iPad = "UIInterfaceOrientationPortrait UIInterfaceOrientationPortraitUpsideDown UIInterfaceOrientationLandscapeLeft UIInterfaceOrientationLandscapeRight";
				INFOPLIST_KEY_UISupportedInterfaceOrientations_iPhone = "UIInterfaceOrientationPortrait UIInterfaceOrientationLandscapeLeft UIInterfaceOrientationLandscapeRight";
				IPHONEOS_DEPLOYMENT_TARGET = 16.0;
				LD_RUNPATH_SEARCH_PATHS = (
					"$(inherited)",
					"@executable_path/Frameworks",
				);
				MARKETING_VERSION = 1.0;
				PRODUCT_BUNDLE_IDENTIFIER = com.litvinchuk.UniverseTestAssignment;
				PRODUCT_NAME = "$(TARGET_NAME)";
				SWIFT_EMIT_LOC_STRINGS = YES;
				SWIFT_VERSION = 5.0;
				TARGETED_DEVICE_FAMILY = "1,2";
			};
			name = Release;
		};
		7E344B282DAFE7F200AA916A /* Debug */ = {
			isa = XCBuildConfiguration;
			buildSettings = {
				ALWAYS_SEARCH_USER_PATHS = NO;
				ASSETCATALOG_COMPILER_GENERATE_SWIFT_ASSET_SYMBOL_EXTENSIONS = YES;
				CLANG_ANALYZER_NONNULL = YES;
				CLANG_ANALYZER_NUMBER_OBJECT_CONVERSION = YES_AGGRESSIVE;
				CLANG_CXX_LANGUAGE_STANDARD = "gnu++20";
				CLANG_ENABLE_MODULES = YES;
				CLANG_ENABLE_OBJC_ARC = YES;
				CLANG_ENABLE_OBJC_WEAK = YES;
				CLANG_WARN_BLOCK_CAPTURE_AUTORELEASING = YES;
				CLANG_WARN_BOOL_CONVERSION = YES;
				CLANG_WARN_COMMA = YES;
				CLANG_WARN_CONSTANT_CONVERSION = YES;
				CLANG_WARN_DEPRECATED_OBJC_IMPLEMENTATIONS = YES;
				CLANG_WARN_DIRECT_OBJC_ISA_USAGE = YES_ERROR;
				CLANG_WARN_DOCUMENTATION_COMMENTS = YES;
				CLANG_WARN_EMPTY_BODY = YES;
				CLANG_WARN_ENUM_CONVERSION = YES;
				CLANG_WARN_INFINITE_RECURSION = YES;
				CLANG_WARN_INT_CONVERSION = YES;
				CLANG_WARN_NON_LITERAL_NULL_CONVERSION = YES;
				CLANG_WARN_OBJC_IMPLICIT_RETAIN_SELF = YES;
				CLANG_WARN_OBJC_LITERAL_CONVERSION = YES;
				CLANG_WARN_OBJC_ROOT_CLASS = YES_ERROR;
				CLANG_WARN_QUOTED_INCLUDE_IN_FRAMEWORK_HEADER = YES;
				CLANG_WARN_RANGE_LOOP_ANALYSIS = YES;
				CLANG_WARN_STRICT_PROTOTYPES = YES;
				CLANG_WARN_SUSPICIOUS_MOVE = YES;
				CLANG_WARN_UNGUARDED_AVAILABILITY = YES_AGGRESSIVE;
				CLANG_WARN_UNREACHABLE_CODE = YES;
				CLANG_WARN__DUPLICATE_METHOD_MATCH = YES;
				COPY_PHASE_STRIP = NO;
				DEBUG_INFORMATION_FORMAT = dwarf;
				ENABLE_STRICT_OBJC_MSGSEND = YES;
				ENABLE_TESTABILITY = YES;
				ENABLE_USER_SCRIPT_SANDBOXING = YES;
				GCC_C_LANGUAGE_STANDARD = gnu17;
				GCC_DYNAMIC_NO_PIC = NO;
				GCC_NO_COMMON_BLOCKS = YES;
				GCC_OPTIMIZATION_LEVEL = 0;
				GCC_PREPROCESSOR_DEFINITIONS = (
					"DEBUG=1",
					"$(inherited)",
				);
				GCC_WARN_64_TO_32_BIT_CONVERSION = YES;
				GCC_WARN_ABOUT_RETURN_TYPE = YES_ERROR;
				GCC_WARN_UNDECLARED_SELECTOR = YES;
				GCC_WARN_UNINITIALIZED_AUTOS = YES_AGGRESSIVE;
				GCC_WARN_UNUSED_FUNCTION = YES;
				GCC_WARN_UNUSED_VARIABLE = YES;
				IPHONEOS_DEPLOYMENT_TARGET = 18.2;
				LOCALIZATION_PREFERS_STRING_CATALOGS = YES;
				MTL_ENABLE_DEBUG_INFO = INCLUDE_SOURCE;
				MTL_FAST_MATH = YES;
				ONLY_ACTIVE_ARCH = YES;
				SDKROOT = iphoneos;
				SWIFT_ACTIVE_COMPILATION_CONDITIONS = "DEBUG $(inherited)";
				SWIFT_OPTIMIZATION_LEVEL = "-Onone";
			};
			name = Debug;
		};
		7E344B292DAFE7F200AA916A /* Release */ = {
			isa = XCBuildConfiguration;
			buildSettings = {
				ALWAYS_SEARCH_USER_PATHS = NO;
				ASSETCATALOG_COMPILER_GENERATE_SWIFT_ASSET_SYMBOL_EXTENSIONS = YES;
				CLANG_ANALYZER_NONNULL = YES;
				CLANG_ANALYZER_NUMBER_OBJECT_CONVERSION = YES_AGGRESSIVE;
				CLANG_CXX_LANGUAGE_STANDARD = "gnu++20";
				CLANG_ENABLE_MODULES = YES;
				CLANG_ENABLE_OBJC_ARC = YES;
				CLANG_ENABLE_OBJC_WEAK = YES;
				CLANG_WARN_BLOCK_CAPTURE_AUTORELEASING = YES;
				CLANG_WARN_BOOL_CONVERSION = YES;
				CLANG_WARN_COMMA = YES;
				CLANG_WARN_CONSTANT_CONVERSION = YES;
				CLANG_WARN_DEPRECATED_OBJC_IMPLEMENTATIONS = YES;
				CLANG_WARN_DIRECT_OBJC_ISA_USAGE = YES_ERROR;
				CLANG_WARN_DOCUMENTATION_COMMENTS = YES;
				CLANG_WARN_EMPTY_BODY = YES;
				CLANG_WARN_ENUM_CONVERSION = YES;
				CLANG_WARN_INFINITE_RECURSION = YES;
				CLANG_WARN_INT_CONVERSION = YES;
				CLANG_WARN_NON_LITERAL_NULL_CONVERSION = YES;
				CLANG_WARN_OBJC_IMPLICIT_RETAIN_SELF = YES;
				CLANG_WARN_OBJC_LITERAL_CONVERSION = YES;
				CLANG_WARN_OBJC_ROOT_CLASS = YES_ERROR;
				CLANG_WARN_QUOTED_INCLUDE_IN_FRAMEWORK_HEADER = YES;
				CLANG_WARN_RANGE_LOOP_ANALYSIS = YES;
				CLANG_WARN_STRICT_PROTOTYPES = YES;
				CLANG_WARN_SUSPICIOUS_MOVE = YES;
				CLANG_WARN_UNGUARDED_AVAILABILITY = YES_AGGRESSIVE;
				CLANG_WARN_UNREACHABLE_CODE = YES;
				CLANG_WARN__DUPLICATE_METHOD_MATCH = YES;
				COPY_PHASE_STRIP = NO;
				DEBUG_INFORMATION_FORMAT = "dwarf-with-dsym";
				ENABLE_NS_ASSERTIONS = NO;
				ENABLE_STRICT_OBJC_MSGSEND = YES;
				ENABLE_USER_SCRIPT_SANDBOXING = YES;
				GCC_C_LANGUAGE_STANDARD = gnu17;
				GCC_NO_COMMON_BLOCKS = YES;
				GCC_WARN_64_TO_32_BIT_CONVERSION = YES;
				GCC_WARN_ABOUT_RETURN_TYPE = YES_ERROR;
				GCC_WARN_UNDECLARED_SELECTOR = YES;
				GCC_WARN_UNINITIALIZED_AUTOS = YES_AGGRESSIVE;
				GCC_WARN_UNUSED_FUNCTION = YES;
				GCC_WARN_UNUSED_VARIABLE = YES;
				IPHONEOS_DEPLOYMENT_TARGET = 18.2;
				LOCALIZATION_PREFERS_STRING_CATALOGS = YES;
				MTL_ENABLE_DEBUG_INFO = NO;
				MTL_FAST_MATH = YES;
				SDKROOT = iphoneos;
				SWIFT_COMPILATION_MODE = wholemodule;
				VALIDATE_PRODUCT = YES;
			};
			name = Release;
		};
/* End XCBuildConfiguration section */

/* Begin XCConfigurationList section */
		7E344B0D2DAFE7F100AA916A /* Build configuration list for PBXProject "UniverseTestAssignment" */ = {
			isa = XCConfigurationList;
			buildConfigurations = (
				7E344B282DAFE7F200AA916A /* Debug */,
				7E344B292DAFE7F200AA916A /* Release */,
			);
			defaultConfigurationIsVisible = 0;
			defaultConfigurationName = Release;
		};
		7E344B252DAFE7F200AA916A /* Build configuration list for PBXNativeTarget "UniverseTestAssignment" */ = {
			isa = XCConfigurationList;
			buildConfigurations = (
				7E344B262DAFE7F200AA916A /* Debug */,
				7E344B272DAFE7F200AA916A /* Release */,
			);
			defaultConfigurationIsVisible = 0;
			defaultConfigurationName = Release;
		};
/* End XCConfigurationList section */

/* Begin XCRemoteSwiftPackageReference section */
		7E344B3A2DAFE94100AA916A /* XCRemoteSwiftPackageReference "RxSwift" */ = {
			isa = XCRemoteSwiftPackageReference;
			repositoryURL = "https://github.com/ReactiveX/RxSwift.git";
			requirement = {
				kind = upToNextMajorVersion;
				minimumVersion = 6.9.0;
			};
		};
/* End XCRemoteSwiftPackageReference section */

/* Begin XCSwiftPackageProductDependency section */
		7E344B3B2DAFE94100AA916A /* RxCocoa */ = {
			isa = XCSwiftPackageProductDependency;
			package = 7E344B3A2DAFE94100AA916A /* XCRemoteSwiftPackageReference "RxSwift" */;
			productName = RxCocoa;
		};
		7E344B3D2DAFE94100AA916A /* RxRelay */ = {
			isa = XCSwiftPackageProductDependency;
			package = 7E344B3A2DAFE94100AA916A /* XCRemoteSwiftPackageReference "RxSwift" */;
			productName = RxRelay;
		};
		7E344B3F2DAFE94100AA916A /* RxSwift */ = {
			isa = XCSwiftPackageProductDependency;
			package = 7E344B3A2DAFE94100AA916A /* XCRemoteSwiftPackageReference "RxSwift" */;
			productName = RxSwift;
		};
/* End XCSwiftPackageProductDependency section */
	};
	rootObject = 7E344B0A2DAFE7F100AA916A /* Project object */;
}
